
Microsoft Visual Studio Solution File, Format Version 12.00
# Visual Studio Version 17
VisualStudioVersion = 17.2.32526.322
MinimumVisualStudioVersion = 10.0.40219.1
Project("{FAE04EC0-301F-11D3-BF4B-00C04F79EFBC}") = "Core", "Core\Core.csproj", "{3653146E-3CB5-4B5D-82C4-6967788D0324}"
EndProject
Project("{FAE04EC0-301F-11D3-BF4B-00C04F79EFBC}") = "Appication", "Appication\Appication.csproj", "{D00E1BEC-1DDC-4D77-AC0D-8E883C2DC182}"
EndProject
Project("{FAE04EC0-301F-11D3-BF4B-00C04F79EFBC}") = "Infrastructure", "Infrastructure\Infrastructure.csproj", "{E2220829-D67B-48FB-BF24-E280420A1329}"
EndProject
Global
	GlobalSection(SolutionConfigurationPlatforms) = preSolution
		Debug|Any CPU = Debug|Any CPU
		Release|Any CPU = Release|Any CPU
	EndGlobalSection
	GlobalSection(ProjectConfigurationPlatforms) = postSolution
		{3653146E-3CB5-4B5D-82C4-6967788D0324}.Debug|Any CPU.ActiveCfg = Debug|Any CPU
		{3653146E-3CB5-4B5D-82C4-6967788D0324}.Debug|Any CPU.Build.0 = Debug|Any CPU
		{3653146E-3CB5-4B5D-82C4-6967788D0324}.Release|Any CPU.ActiveCfg = Release|Any CPU
		{3653146E-3CB5-4B5D-82C4-6967788D0324}.Release|Any CPU.Build.0 = Release|Any CPU
		{D00E1BEC-1DDC-4D77-AC0D-8E883C2DC182}.Debug|Any CPU.ActiveCfg = Debug|Any CPU
		{D00E1BEC-1DDC-4D77-AC0D-8E883C2DC182}.Debug|Any CPU.Build.0 = Debug|Any CPU
		{D00E1BEC-1DDC-4D77-AC0D-8E883C2DC182}.Release|Any CPU.ActiveCfg = Release|Any CPU
		{D00E1BEC-1DDC-4D77-AC0D-8E883C2DC182}.Release|Any CPU.Build.0 = Release|Any CPU
		{E2220829-D67B-48FB-BF24-E280420A1329}.Debug|Any CPU.ActiveCfg = Debug|Any CPU
		{E2220829-D67B-48FB-BF24-E280420A1329}.Debug|Any CPU.Build.0 = Debug|Any CPU
		{E2220829-D67B-48FB-BF24-E280420A1329}.Release|Any CPU.ActiveCfg = Release|Any CPU
		{E2220829-D67B-48FB-BF24-E280420A1329}.Release|Any CPU.Build.0 = Release|Any CPU
	EndGlobalSection
	GlobalSection(SolutionProperties) = preSolution
		HideSolutionNode = FALSE
	EndGlobalSection
	GlobalSection(ExtensibilityGlobals) = postSolution
		SolutionGuid = {145D8E68-AB64-4704-B69C-0BB9AD072AA8}
	EndGlobalSection
EndGlobal
